// !$*UTF8*$!
{
	archiveVersion = 1;
	classes = {
	};
	objectVersion = 51;
	objects = {

/* Begin PBXBuildFile section */
		3A13C4DA24B3874E00B04865 /* AppDelegate.m in Sources */ = {isa = PBXBuildFile; fileRef = 3A13C4D924B3874E00B04865 /* AppDelegate.m */; };
		3A13C4DD24B3874E00B04865 /* SceneDelegate.m in Sources */ = {isa = PBXBuildFile; fileRef = 3A13C4DC24B3874E00B04865 /* SceneDelegate.m */; };
		3A13C4E024B3874E00B04865 /* LoginViewController.m in Sources */ = {isa = PBXBuildFile; fileRef = 3A13C4DF24B3874E00B04865 /* LoginViewController.m */; };
		3A13C4E324B3874E00B04865 /* Main.storyboard in Resources */ = {isa = PBXBuildFile; fileRef = 3A13C4E124B3874E00B04865 /* Main.storyboard */; };
		3A13C4E524B3874E00B04865 /* Assets.xcassets in Resources */ = {isa = PBXBuildFile; fileRef = 3A13C4E424B3874E00B04865 /* Assets.xcassets */; };
		3A13C4E824B3874E00B04865 /* LaunchScreen.storyboard in Resources */ = {isa = PBXBuildFile; fileRef = 3A13C4E624B3874E00B04865 /* LaunchScreen.storyboard */; };
		3A13C4EB24B3874E00B04865 /* main.m in Sources */ = {isa = PBXBuildFile; fileRef = 3A13C4EA24B3874E00B04865 /* main.m */; };
		3A13C4F524B3874E00B04865 /* Parse_ChatTests.m in Sources */ = {isa = PBXBuildFile; fileRef = 3A13C4F424B3874E00B04865 /* Parse_ChatTests.m */; };
		3A13C50024B3874E00B04865 /* Parse_ChatUITests.m in Sources */ = {isa = PBXBuildFile; fileRef = 3A13C4FF24B3874E00B04865 /* Parse_ChatUITests.m */; };
		3A13C50F24B393EE00B04865 /* ChatViewController.m in Sources */ = {isa = PBXBuildFile; fileRef = 3A13C50E24B393EE00B04865 /* ChatViewController.m */; };
		3A13C51424B3963500B04865 /* ChatCell.m in Sources */ = {isa = PBXBuildFile; fileRef = 3A13C51324B3963500B04865 /* ChatCell.m */; };
		6AC42CD093CD2604639362D1 /* Pods_Parse_Chat_Parse_ChatUITests.framework in Frameworks */ = {isa = PBXBuildFile; fileRef = 4276F6960F3EB99E8E58B465 /* Pods_Parse_Chat_Parse_ChatUITests.framework */; };
		BA621FF9D4B1833E4FE55489 /* Pods_Parse_ChatTests.framework in Frameworks */ = {isa = PBXBuildFile; fileRef = E670A157298819EFCC8345A0 /* Pods_Parse_ChatTests.framework */; };
		DA0FD3FFD624B81C68BC90A8 /* Pods_Parse_Chat.framework in Frameworks */ = {isa = PBXBuildFile; fileRef = F2E8673F21BB8C2A9852585C /* Pods_Parse_Chat.framework */; };
/* End PBXBuildFile section */

/* Begin PBXContainerItemProxy section */
		3A13C4F124B3874E00B04865 /* PBXContainerItemProxy */ = {
			isa = PBXContainerItemProxy;
			containerPortal = 3A13C4CD24B3874E00B04865 /* Project object */;
			proxyType = 1;
			remoteGlobalIDString = 3A13C4D424B3874E00B04865;
			remoteInfo = "Parse-Chat";
		};
		3A13C4FC24B3874E00B04865 /* PBXContainerItemProxy */ = {
			isa = PBXContainerItemProxy;
			containerPortal = 3A13C4CD24B3874E00B04865 /* Project object */;
			proxyType = 1;
			remoteGlobalIDString = 3A13C4D424B3874E00B04865;
			remoteInfo = "Parse-Chat";
		};
/* End PBXContainerItemProxy section */

/* Begin PBXFileReference section */
		0ED4D9F4AAA139EB48549B09 /* Pods-Parse-ChatTests.release.xcconfig */ = {isa = PBXFileReference; includeInIndex = 1; lastKnownFileType = text.xcconfig; name = "Pods-Parse-ChatTests.release.xcconfig"; path = "Target Support Files/Pods-Parse-ChatTests/Pods-Parse-ChatTests.release.xcconfig"; sourceTree = "<group>"; };
		3A13C4D524B3874E00B04865 /* Parse-Chat.app */ = {isa = PBXFileReference; explicitFileType = wrapper.application; includeInIndex = 0; path = "Parse-Chat.app"; sourceTree = BUILT_PRODUCTS_DIR; };
		3A13C4D824B3874E00B04865 /* AppDelegate.h */ = {isa = PBXFileReference; lastKnownFileType = sourcecode.c.h; path = AppDelegate.h; sourceTree = "<group>"; };
		3A13C4D924B3874E00B04865 /* AppDelegate.m */ = {isa = PBXFileReference; lastKnownFileType = sourcecode.c.objc; path = AppDelegate.m; sourceTree = "<group>"; };
		3A13C4DB24B3874E00B04865 /* SceneDelegate.h */ = {isa = PBXFileReference; lastKnownFileType = sourcecode.c.h; path = SceneDelegate.h; sourceTree = "<group>"; };
		3A13C4DC24B3874E00B04865 /* SceneDelegate.m */ = {isa = PBXFileReference; lastKnownFileType = sourcecode.c.objc; path = SceneDelegate.m; sourceTree = "<group>"; };
		3A13C4DE24B3874E00B04865 /* LoginViewController.h */ = {isa = PBXFileReference; lastKnownFileType = sourcecode.c.h; path = LoginViewController.h; sourceTree = "<group>"; };
		3A13C4DF24B3874E00B04865 /* LoginViewController.m */ = {isa = PBXFileReference; lastKnownFileType = sourcecode.c.objc; path = LoginViewController.m; sourceTree = "<group>"; };
		3A13C4E224B3874E00B04865 /* Base */ = {isa = PBXFileReference; lastKnownFileType = file.storyboard; name = Base; path = Base.lproj/Main.storyboard; sourceTree = "<group>"; };
		3A13C4E424B3874E00B04865 /* Assets.xcassets */ = {isa = PBXFileReference; lastKnownFileType = folder.assetcatalog; path = Assets.xcassets; sourceTree = "<group>"; };
		3A13C4E724B3874E00B04865 /* Base */ = {isa = PBXFileReference; lastKnownFileType = file.storyboard; name = Base; path = Base.lproj/LaunchScreen.storyboard; sourceTree = "<group>"; };
		3A13C4E924B3874E00B04865 /* Info.plist */ = {isa = PBXFileReference; lastKnownFileType = text.plist.xml; path = Info.plist; sourceTree = "<group>"; };
		3A13C4EA24B3874E00B04865 /* main.m */ = {isa = PBXFileReference; lastKnownFileType = sourcecode.c.objc; path = main.m; sourceTree = "<group>"; };
		3A13C4F024B3874E00B04865 /* Parse-ChatTests.xctest */ = {isa = PBXFileReference; explicitFileType = wrapper.cfbundle; includeInIndex = 0; path = "Parse-ChatTests.xctest"; sourceTree = BUILT_PRODUCTS_DIR; };
		3A13C4F424B3874E00B04865 /* Parse_ChatTests.m */ = {isa = PBXFileReference; lastKnownFileType = sourcecode.c.objc; path = Parse_ChatTests.m; sourceTree = "<group>"; };
		3A13C4F624B3874E00B04865 /* Info.plist */ = {isa = PBXFileReference; lastKnownFileType = text.plist.xml; path = Info.plist; sourceTree = "<group>"; };
		3A13C4FB24B3874E00B04865 /* Parse-ChatUITests.xctest */ = {isa = PBXFileReference; explicitFileType = wrapper.cfbundle; includeInIndex = 0; path = "Parse-ChatUITests.xctest"; sourceTree = BUILT_PRODUCTS_DIR; };
		3A13C4FF24B3874E00B04865 /* Parse_ChatUITests.m */ = {isa = PBXFileReference; lastKnownFileType = sourcecode.c.objc; path = Parse_ChatUITests.m; sourceTree = "<group>"; };
		3A13C50124B3874E00B04865 /* Info.plist */ = {isa = PBXFileReference; lastKnownFileType = text.plist.xml; path = Info.plist; sourceTree = "<group>"; };
		3A13C50D24B393EE00B04865 /* ChatViewController.h */ = {isa = PBXFileReference; lastKnownFileType = sourcecode.c.h; path = ChatViewController.h; sourceTree = "<group>"; };
		3A13C50E24B393EE00B04865 /* ChatViewController.m */ = {isa = PBXFileReference; lastKnownFileType = sourcecode.c.objc; path = ChatViewController.m; sourceTree = "<group>"; };
		3A13C51224B3963500B04865 /* ChatCell.h */ = {isa = PBXFileReference; lastKnownFileType = sourcecode.c.h; path = ChatCell.h; sourceTree = "<group>"; };
		3A13C51324B3963500B04865 /* ChatCell.m */ = {isa = PBXFileReference; lastKnownFileType = sourcecode.c.objc; path = ChatCell.m; sourceTree = "<group>"; };
		4276F6960F3EB99E8E58B465 /* Pods_Parse_Chat_Parse_ChatUITests.framework */ = {isa = PBXFileReference; explicitFileType = wrapper.framework; includeInIndex = 0; path = Pods_Parse_Chat_Parse_ChatUITests.framework; sourceTree = BUILT_PRODUCTS_DIR; };
		6CB830E01521E965A9485172 /* Pods-Parse-ChatTests.debug.xcconfig */ = {isa = PBXFileReference; includeInIndex = 1; lastKnownFileType = text.xcconfig; name = "Pods-Parse-ChatTests.debug.xcconfig"; path = "Target Support Files/Pods-Parse-ChatTests/Pods-Parse-ChatTests.debug.xcconfig"; sourceTree = "<group>"; };
		7092E85AC82F033ACE54A691 /* Pods-Parse-Chat-Parse-ChatUITests.debug.xcconfig */ = {isa = PBXFileReference; includeInIndex = 1; lastKnownFileType = text.xcconfig; name = "Pods-Parse-Chat-Parse-ChatUITests.debug.xcconfig"; path = "Target Support Files/Pods-Parse-Chat-Parse-ChatUITests/Pods-Parse-Chat-Parse-ChatUITests.debug.xcconfig"; sourceTree = "<group>"; };
		8D7FCE041EC927638D7803C5 /* Pods-Parse-Chat-Parse-ChatUITests.release.xcconfig */ = {isa = PBXFileReference; includeInIndex = 1; lastKnownFileType = text.xcconfig; name = "Pods-Parse-Chat-Parse-ChatUITests.release.xcconfig"; path = "Target Support Files/Pods-Parse-Chat-Parse-ChatUITests/Pods-Parse-Chat-Parse-ChatUITests.release.xcconfig"; sourceTree = "<group>"; };
		AC01F315182C802FCFA8F849 /* Pods-Parse-Chat.release.xcconfig */ = {isa = PBXFileReference; includeInIndex = 1; lastKnownFileType = text.xcconfig; name = "Pods-Parse-Chat.release.xcconfig"; path = "Target Support Files/Pods-Parse-Chat/Pods-Parse-Chat.release.xcconfig"; sourceTree = "<group>"; };
		E670A157298819EFCC8345A0 /* Pods_Parse_ChatTests.framework */ = {isa = PBXFileReference; explicitFileType = wrapper.framework; includeInIndex = 0; path = Pods_Parse_ChatTests.framework; sourceTree = BUILT_PRODUCTS_DIR; };
		EE2EE5B0324BB329DEA12ED5 /* Pods-Parse-Chat.debug.xcconfig */ = {isa = PBXFileReference; includeInIndex = 1; lastKnownFileType = text.xcconfig; name = "Pods-Parse-Chat.debug.xcconfig"; path = "Target Support Files/Pods-Parse-Chat/Pods-Parse-Chat.debug.xcconfig"; sourceTree = "<group>"; };
		F2E8673F21BB8C2A9852585C /* Pods_Parse_Chat.framework */ = {isa = PBXFileReference; explicitFileType = wrapper.framework; includeInIndex = 0; path = Pods_Parse_Chat.framework; sourceTree = BUILT_PRODUCTS_DIR; };
/* End PBXFileReference section */

/* Begin PBXFrameworksBuildPhase section */
		3A13C4D224B3874E00B04865 /* Frameworks */ = {
			isa = PBXFrameworksBuildPhase;
			buildActionMask = 2147483647;
			files = (
				DA0FD3FFD624B81C68BC90A8 /* Pods_Parse_Chat.framework in Frameworks */,
			);
			runOnlyForDeploymentPostprocessing = 0;
		};
		3A13C4ED24B3874E00B04865 /* Frameworks */ = {
			isa = PBXFrameworksBuildPhase;
			buildActionMask = 2147483647;
			files = (
				BA621FF9D4B1833E4FE55489 /* Pods_Parse_ChatTests.framework in Frameworks */,
			);
			runOnlyForDeploymentPostprocessing = 0;
		};
		3A13C4F824B3874E00B04865 /* Frameworks */ = {
			isa = PBXFrameworksBuildPhase;
			buildActionMask = 2147483647;
			files = (
				6AC42CD093CD2604639362D1 /* Pods_Parse_Chat_Parse_ChatUITests.framework in Frameworks */,
			);
			runOnlyForDeploymentPostprocessing = 0;
		};
/* End PBXFrameworksBuildPhase section */

/* Begin PBXGroup section */
		3A13C4CC24B3874E00B04865 = {
			isa = PBXGroup;
			children = (
				3A13C4D724B3874E00B04865 /* Parse-Chat */,
				3A13C4F324B3874E00B04865 /* Parse-ChatTests */,
				3A13C4FE24B3874E00B04865 /* Parse-ChatUITests */,
				3A13C4D624B3874E00B04865 /* Products */,
				681E53FC8650211254B5D1E0 /* Pods */,
				E2B628B8273FF0A4D6652F20 /* Frameworks */,
			);
			sourceTree = "<group>";
		};
		3A13C4D624B3874E00B04865 /* Products */ = {
			isa = PBXGroup;
			children = (
				3A13C4D524B3874E00B04865 /* Parse-Chat.app */,
				3A13C4F024B3874E00B04865 /* Parse-ChatTests.xctest */,
				3A13C4FB24B3874E00B04865 /* Parse-ChatUITests.xctest */,
			);
			name = Products;
			sourceTree = "<group>";
		};
		3A13C4D724B3874E00B04865 /* Parse-Chat */ = {
			isa = PBXGroup;
			children = (
				3A13C51124B3961200B04865 /* View Controllers */,
				3A13C51024B3960D00B04865 /* Views */,
				3A13C4D824B3874E00B04865 /* AppDelegate.h */,
				3A13C4D924B3874E00B04865 /* AppDelegate.m */,
				3A13C4DB24B3874E00B04865 /* SceneDelegate.h */,
				3A13C4DC24B3874E00B04865 /* SceneDelegate.m */,
				3A13C4E124B3874E00B04865 /* Main.storyboard */,
				3A13C4E424B3874E00B04865 /* Assets.xcassets */,
				3A13C4E624B3874E00B04865 /* LaunchScreen.storyboard */,
				3A13C4E924B3874E00B04865 /* Info.plist */,
				3A13C4EA24B3874E00B04865 /* main.m */,
			);
			path = "Parse-Chat";
			sourceTree = "<group>";
		};
		3A13C4F324B3874E00B04865 /* Parse-ChatTests */ = {
			isa = PBXGroup;
			children = (
				3A13C4F424B3874E00B04865 /* Parse_ChatTests.m */,
				3A13C4F624B3874E00B04865 /* Info.plist */,
			);
			path = "Parse-ChatTests";
			sourceTree = "<group>";
		};
		3A13C4FE24B3874E00B04865 /* Parse-ChatUITests */ = {
			isa = PBXGroup;
			children = (
				3A13C4FF24B3874E00B04865 /* Parse_ChatUITests.m */,
				3A13C50124B3874E00B04865 /* Info.plist */,
			);
			path = "Parse-ChatUITests";
			sourceTree = "<group>";
		};
		3A13C51024B3960D00B04865 /* Views */ = {
			isa = PBXGroup;
			children = (
				3A13C51224B3963500B04865 /* ChatCell.h */,
				3A13C51324B3963500B04865 /* ChatCell.m */,
			);
			path = Views;
			sourceTree = "<group>";
		};
		3A13C51124B3961200B04865 /* View Controllers */ = {
			isa = PBXGroup;
			children = (
				3A13C4DE24B3874E00B04865 /* LoginViewController.h */,
				3A13C4DF24B3874E00B04865 /* LoginViewController.m */,
				3A13C50D24B393EE00B04865 /* ChatViewController.h */,
				3A13C50E24B393EE00B04865 /* ChatViewController.m */,
			);
			path = "View Controllers";
			sourceTree = "<group>";
		};
		681E53FC8650211254B5D1E0 /* Pods */ = {
			isa = PBXGroup;
			children = (
				EE2EE5B0324BB329DEA12ED5 /* Pods-Parse-Chat.debug.xcconfig */,
				AC01F315182C802FCFA8F849 /* Pods-Parse-Chat.release.xcconfig */,
				7092E85AC82F033ACE54A691 /* Pods-Parse-Chat-Parse-ChatUITests.debug.xcconfig */,
				8D7FCE041EC927638D7803C5 /* Pods-Parse-Chat-Parse-ChatUITests.release.xcconfig */,
				6CB830E01521E965A9485172 /* Pods-Parse-ChatTests.debug.xcconfig */,
				0ED4D9F4AAA139EB48549B09 /* Pods-Parse-ChatTests.release.xcconfig */,
			);
			path = Pods;
			sourceTree = "<group>";
		};
		E2B628B8273FF0A4D6652F20 /* Frameworks */ = {
			isa = PBXGroup;
			children = (
				F2E8673F21BB8C2A9852585C /* Pods_Parse_Chat.framework */,
				4276F6960F3EB99E8E58B465 /* Pods_Parse_Chat_Parse_ChatUITests.framework */,
				E670A157298819EFCC8345A0 /* Pods_Parse_ChatTests.framework */,
			);
			name = Frameworks;
			sourceTree = "<group>";
		};
/* End PBXGroup section */

/* Begin PBXNativeTarget section */
		3A13C4D424B3874E00B04865 /* Parse-Chat */ = {
			isa = PBXNativeTarget;
			buildConfigurationList = 3A13C50424B3874E00B04865 /* Build configuration list for PBXNativeTarget "Parse-Chat" */;
			buildPhases = (
				9F336C9872D79B9FA46D8A4E /* [CP] Check Pods Manifest.lock */,
				3A13C4D124B3874E00B04865 /* Sources */,
				3A13C4D224B3874E00B04865 /* Frameworks */,
				3A13C4D324B3874E00B04865 /* Resources */,
				97ECE310D5A41E452F10E146 /* [CP] Embed Pods Frameworks */,
			);
			buildRules = (
			);
			dependencies = (
			);
			name = "Parse-Chat";
			productName = "Parse-Chat";
			productReference = 3A13C4D524B3874E00B04865 /* Parse-Chat.app */;
			productType = "com.apple.product-type.application";
		};
		3A13C4EF24B3874E00B04865 /* Parse-ChatTests */ = {
			isa = PBXNativeTarget;
			buildConfigurationList = 3A13C50724B3874E00B04865 /* Build configuration list for PBXNativeTarget "Parse-ChatTests" */;
			buildPhases = (
				8F26B6E59CCE58C89EFB689A /* [CP] Check Pods Manifest.lock */,
				3A13C4EC24B3874E00B04865 /* Sources */,
				3A13C4ED24B3874E00B04865 /* Frameworks */,
				3A13C4EE24B3874E00B04865 /* Resources */,
			);
			buildRules = (
			);
			dependencies = (
				3A13C4F224B3874E00B04865 /* PBXTargetDependency */,
			);
			name = "Parse-ChatTests";
			productName = "Parse-ChatTests";
			productReference = 3A13C4F024B3874E00B04865 /* Parse-ChatTests.xctest */;
			productType = "com.apple.product-type.bundle.unit-test";
		};
		3A13C4FA24B3874E00B04865 /* Parse-ChatUITests */ = {
			isa = PBXNativeTarget;
			buildConfigurationList = 3A13C50A24B3874E00B04865 /* Build configuration list for PBXNativeTarget "Parse-ChatUITests" */;
			buildPhases = (
				317DB672C13599C05A8FFC7A /* [CP] Check Pods Manifest.lock */,
				3A13C4F724B3874E00B04865 /* Sources */,
				3A13C4F824B3874E00B04865 /* Frameworks */,
				3A13C4F924B3874E00B04865 /* Resources */,
				1B1B0B448E0D397811FD0043 /* [CP] Embed Pods Frameworks */,
			);
			buildRules = (
			);
			dependencies = (
				3A13C4FD24B3874E00B04865 /* PBXTargetDependency */,
			);
			name = "Parse-ChatUITests";
			productName = "Parse-ChatUITests";
			productReference = 3A13C4FB24B3874E00B04865 /* Parse-ChatUITests.xctest */;
			productType = "com.apple.product-type.bundle.ui-testing";
		};
/* End PBXNativeTarget section */

/* Begin PBXProject section */
		3A13C4CD24B3874E00B04865 /* Project object */ = {
			isa = PBXProject;
			attributes = {
				LastUpgradeCheck = 1150;
				ORGANIZATIONNAME = "Kristie Huang";
				TargetAttributes = {
					3A13C4D424B3874E00B04865 = {
						CreatedOnToolsVersion = 11.5;
					};
					3A13C4EF24B3874E00B04865 = {
						CreatedOnToolsVersion = 11.5;
						TestTargetID = 3A13C4D424B3874E00B04865;
					};
					3A13C4FA24B3874E00B04865 = {
						CreatedOnToolsVersion = 11.5;
						TestTargetID = 3A13C4D424B3874E00B04865;
					};
				};
			};
			buildConfigurationList = 3A13C4D024B3874E00B04865 /* Build configuration list for PBXProject "Parse-Chat" */;
			compatibilityVersion = "Xcode 9.3";
			developmentRegion = en;
			hasScannedForEncodings = 0;
			knownRegions = (
				en,
				Base,
			);
			mainGroup = 3A13C4CC24B3874E00B04865;
			productRefGroup = 3A13C4D624B3874E00B04865 /* Products */;
			projectDirPath = "";
			projectRoot = "";
			targets = (
				3A13C4D424B3874E00B04865 /* Parse-Chat */,
				3A13C4EF24B3874E00B04865 /* Parse-ChatTests */,
				3A13C4FA24B3874E00B04865 /* Parse-ChatUITests */,
			);
		};
/* End PBXProject section */

/* Begin PBXResourcesBuildPhase section */
		3A13C4D324B3874E00B04865 /* Resources */ = {
			isa = PBXResourcesBuildPhase;
			buildActionMask = 2147483647;
			files = (
				3A13C4E824B3874E00B04865 /* LaunchScreen.storyboard in Resources */,
				3A13C4E524B3874E00B04865 /* Assets.xcassets in Resources */,
				3A13C4E324B3874E00B04865 /* Main.storyboard in Resources */,
			);
			runOnlyForDeploymentPostprocessing = 0;
		};
		3A13C4EE24B3874E00B04865 /* Resources */ = {
			isa = PBXResourcesBuildPhase;
			buildActionMask = 2147483647;
			files = (
			);
			runOnlyForDeploymentPostprocessing = 0;
		};
		3A13C4F924B3874E00B04865 /* Resources */ = {
			isa = PBXResourcesBuildPhase;
			buildActionMask = 2147483647;
			files = (
			);
			runOnlyForDeploymentPostprocessing = 0;
		};
/* End PBXResourcesBuildPhase section */

/* Begin PBXShellScriptBuildPhase section */
		1B1B0B448E0D397811FD0043 /* [CP] Embed Pods Frameworks */ = {
			isa = PBXShellScriptBuildPhase;
			buildActionMask = 2147483647;
			files = (
			);
			inputFileListPaths = (
				"${PODS_ROOT}/Target Support Files/Pods-Parse-Chat-Parse-ChatUITests/Pods-Parse-Chat-Parse-ChatUITests-frameworks-${CONFIGURATION}-input-files.xcfilelist",
			);
			name = "[CP] Embed Pods Frameworks";
			outputFileListPaths = (
				"${PODS_ROOT}/Target Support Files/Pods-Parse-Chat-Parse-ChatUITests/Pods-Parse-Chat-Parse-ChatUITests-frameworks-${CONFIGURATION}-output-files.xcfilelist",
			);
			runOnlyForDeploymentPostprocessing = 0;
			shellPath = /bin/sh;
			shellScript = "\"${PODS_ROOT}/Target Support Files/Pods-Parse-Chat-Parse-ChatUITests/Pods-Parse-Chat-Parse-ChatUITests-frameworks.sh\"\n";
			showEnvVarsInLog = 0;
		};
		317DB672C13599C05A8FFC7A /* [CP] Check Pods Manifest.lock */ = {
			isa = PBXShellScriptBuildPhase;
			buildActionMask = 2147483647;
			files = (
			);
			inputFileListPaths = (
			);
			inputPaths = (
				"${PODS_PODFILE_DIR_PATH}/Podfile.lock",
				"${PODS_ROOT}/Manifest.lock",
			);
			name = "[CP] Check Pods Manifest.lock";
			outputFileListPaths = (
			);
			outputPaths = (
				"$(DERIVED_FILE_DIR)/Pods-Parse-Chat-Parse-ChatUITests-checkManifestLockResult.txt",
			);
			runOnlyForDeploymentPostprocessing = 0;
			shellPath = /bin/sh;
			shellScript = "diff \"${PODS_PODFILE_DIR_PATH}/Podfile.lock\" \"${PODS_ROOT}/Manifest.lock\" > /dev/null\nif [ $? != 0 ] ; then\n    # print error to STDERR\n    echo \"error: The sandbox is not in sync with the Podfile.lock. Run 'pod install' or update your CocoaPods installation.\" >&2\n    exit 1\nfi\n# This output is used by Xcode 'outputs' to avoid re-running this script phase.\necho \"SUCCESS\" > \"${SCRIPT_OUTPUT_FILE_0}\"\n";
			showEnvVarsInLog = 0;
		};
		8F26B6E59CCE58C89EFB689A /* [CP] Check Pods Manifest.lock */ = {
			isa = PBXShellScriptBuildPhase;
			buildActionMask = 2147483647;
			files = (
			);
			inputFileListPaths = (
			);
			inputPaths = (
				"${PODS_PODFILE_DIR_PATH}/Podfile.lock",
				"${PODS_ROOT}/Manifest.lock",
			);
			name = "[CP] Check Pods Manifest.lock";
			outputFileListPaths = (
			);
			outputPaths = (
				"$(DERIVED_FILE_DIR)/Pods-Parse-ChatTests-checkManifestLockResult.txt",
			);
			runOnlyForDeploymentPostprocessing = 0;
			shellPath = /bin/sh;
			shellScript = "diff \"${PODS_PODFILE_DIR_PATH}/Podfile.lock\" \"${PODS_ROOT}/Manifest.lock\" > /dev/null\nif [ $? != 0 ] ; then\n    # print error to STDERR\n    echo \"error: The sandbox is not in sync with the Podfile.lock. Run 'pod install' or update your CocoaPods installation.\" >&2\n    exit 1\nfi\n# This output is used by Xcode 'outputs' to avoid re-running this script phase.\necho \"SUCCESS\" > \"${SCRIPT_OUTPUT_FILE_0}\"\n";
			showEnvVarsInLog = 0;
		};
		97ECE310D5A41E452F10E146 /* [CP] Embed Pods Frameworks */ = {
			isa = PBXShellScriptBuildPhase;
			buildActionMask = 2147483647;
			files = (
			);
			inputFileListPaths = (
				"${PODS_ROOT}/Target Support Files/Pods-Parse-Chat/Pods-Parse-Chat-frameworks-${CONFIGURATION}-input-files.xcfilelist",
			);
			name = "[CP] Embed Pods Frameworks";
			outputFileListPaths = (
				"${PODS_ROOT}/Target Support Files/Pods-Parse-Chat/Pods-Parse-Chat-frameworks-${CONFIGURATION}-output-files.xcfilelist",
			);
			runOnlyForDeploymentPostprocessing = 0;
			shellPath = /bin/sh;
			shellScript = "\"${PODS_ROOT}/Target Support Files/Pods-Parse-Chat/Pods-Parse-Chat-frameworks.sh\"\n";
			showEnvVarsInLog = 0;
		};
		9F336C9872D79B9FA46D8A4E /* [CP] Check Pods Manifest.lock */ = {
			isa = PBXShellScriptBuildPhase;
			buildActionMask = 2147483647;
			files = (
			);
			inputFileListPaths = (
			);
			inputPaths = (
				"${PODS_PODFILE_DIR_PATH}/Podfile.lock",
				"${PODS_ROOT}/Manifest.lock",
			);
			name = "[CP] Check Pods Manifest.lock";
			outputFileListPaths = (
			);
			outputPaths = (
				"$(DERIVED_FILE_DIR)/Pods-Parse-Chat-checkManifestLockResult.txt",
			);
			runOnlyForDeploymentPostprocessing = 0;
			shellPath = /bin/sh;
			shellScript = "diff \"${PODS_PODFILE_DIR_PATH}/Podfile.lock\" \"${PODS_ROOT}/Manifest.lock\" > /dev/null\nif [ $? != 0 ] ; then\n    # print error to STDERR\n    echo \"error: The sandbox is not in sync with the Podfile.lock. Run 'pod install' or update your CocoaPods installation.\" >&2\n    exit 1\nfi\n# This output is used by Xcode 'outputs' to avoid re-running this script phase.\necho \"SUCCESS\" > \"${SCRIPT_OUTPUT_FILE_0}\"\n";
			showEnvVarsInLog = 0;
		};
/* End PBXShellScriptBuildPhase section */

/* Begin PBXSourcesBuildPhase section */
		3A13C4D124B3874E00B04865 /* Sources */ = {
			isa = PBXSourcesBuildPhase;
			buildActionMask = 2147483647;
			files = (
				3A13C4E024B3874E00B04865 /* LoginViewController.m in Sources */,
				3A13C4DA24B3874E00B04865 /* AppDelegate.m in Sources */,
				3A13C50F24B393EE00B04865 /* ChatViewController.m in Sources */,
				3A13C51424B3963500B04865 /* ChatCell.m in Sources */,
				3A13C4EB24B3874E00B04865 /* main.m in Sources */,
				3A13C4DD24B3874E00B04865 /* SceneDelegate.m in Sources */,
			);
			runOnlyForDeploymentPostprocessing = 0;
		};
		3A13C4EC24B3874E00B04865 /* Sources */ = {
			isa = PBXSourcesBuildPhase;
			buildActionMask = 2147483647;
			files = (
				3A13C4F524B3874E00B04865 /* Parse_ChatTests.m in Sources */,
			);
			runOnlyForDeploymentPostprocessing = 0;
		};
		3A13C4F724B3874E00B04865 /* Sources */ = {
			isa = PBXSourcesBuildPhase;
			buildActionMask = 2147483647;
			files = (
				3A13C50024B3874E00B04865 /* Parse_ChatUITests.m in Sources */,
			);
			runOnlyForDeploymentPostprocessing = 0;
		};
/* End PBXSourcesBuildPhase section */

/* Begin PBXTargetDependency section */
		3A13C4F224B3874E00B04865 /* PBXTargetDependency */ = {
			isa = PBXTargetDependency;
			target = 3A13C4D424B3874E00B04865 /* Parse-Chat */;
			targetProxy = 3A13C4F124B3874E00B04865 /* PBXContainerItemProxy */;
		};
		3A13C4FD24B3874E00B04865 /* PBXTargetDependency */ = {
			isa = PBXTargetDependency;
			target = 3A13C4D424B3874E00B04865 /* Parse-Chat */;
			targetProxy = 3A13C4FC24B3874E00B04865 /* PBXContainerItemProxy */;
		};
/* End PBXTargetDependency section */

/* Begin PBXVariantGroup section */
		3A13C4E124B3874E00B04865 /* Main.storyboard */ = {
			isa = PBXVariantGroup;
			children = (
				3A13C4E224B3874E00B04865 /* Base */,
			);
			name = Main.storyboard;
			sourceTree = "<group>";
		};
		3A13C4E624B3874E00B04865 /* LaunchScreen.storyboard */ = {
			isa = PBXVariantGroup;
			children = (
				3A13C4E724B3874E00B04865 /* Base */,
			);
			name = LaunchScreen.storyboard;
			sourceTree = "<group>";
		};
/* End PBXVariantGroup section */

/* Begin XCBuildConfiguration section */
		3A13C50224B3874E00B04865 /* Debug */ = {
			isa = XCBuildConfiguration;
			buildSettings = {
				ALWAYS_SEARCH_USER_PATHS = NO;
				CLANG_ANALYZER_NONNULL = YES;
				CLANG_ANALYZER_NUMBER_OBJECT_CONVERSION = YES_AGGRESSIVE;
				CLANG_CXX_LANGUAGE_STANDARD = "gnu++14";
				CLANG_CXX_LIBRARY = "libc++";
				CLANG_ENABLE_MODULES = YES;
				CLANG_ENABLE_OBJC_ARC = YES;
				CLANG_ENABLE_OBJC_WEAK = YES;
				CLANG_WARN_BLOCK_CAPTURE_AUTORELEASING = YES;
				CLANG_WARN_BOOL_CONVERSION = YES;
				CLANG_WARN_COMMA = YES;
				CLANG_WARN_CONSTANT_CONVERSION = YES;
				CLANG_WARN_DEPRECATED_OBJC_IMPLEMENTATIONS = YES;
				CLANG_WARN_DIRECT_OBJC_ISA_USAGE = YES_ERROR;
				CLANG_WARN_DOCUMENTATION_COMMENTS = YES;
				CLANG_WARN_EMPTY_BODY = YES;
				CLANG_WARN_ENUM_CONVERSION = YES;
				CLANG_WARN_INFINITE_RECURSION = YES;
				CLANG_WARN_INT_CONVERSION = YES;
				CLANG_WARN_NON_LITERAL_NULL_CONVERSION = YES;
				CLANG_WARN_OBJC_IMPLICIT_RETAIN_SELF = YES;
				CLANG_WARN_OBJC_LITERAL_CONVERSION = YES;
				CLANG_WARN_OBJC_ROOT_CLASS = YES_ERROR;
				CLANG_WARN_RANGE_LOOP_ANALYSIS = YES;
				CLANG_WARN_STRICT_PROTOTYPES = YES;
				CLANG_WARN_SUSPICIOUS_MOVE = YES;
				CLANG_WARN_UNGUARDED_AVAILABILITY = YES_AGGRESSIVE;
				CLANG_WARN_UNREACHABLE_CODE = YES;
				CLANG_WARN__DUPLICATE_METHOD_MATCH = YES;
				COPY_PHASE_STRIP = NO;
				DEBUG_INFORMATION_FORMAT = dwarf;
				ENABLE_STRICT_OBJC_MSGSEND = YES;
				ENABLE_TESTABILITY = YES;
				GCC_C_LANGUAGE_STANDARD = gnu11;
				GCC_DYNAMIC_NO_PIC = NO;
				GCC_NO_COMMON_BLOCKS = YES;
				GCC_OPTIMIZATION_LEVEL = 0;
				GCC_PREPROCESSOR_DEFINITIONS = (
					"DEBUG=1",
					"$(inherited)",
				);
				GCC_WARN_64_TO_32_BIT_CONVERSION = YES;
				GCC_WARN_ABOUT_RETURN_TYPE = YES_ERROR;
				GCC_WARN_UNDECLARED_SELECTOR = YES;
				GCC_WARN_UNINITIALIZED_AUTOS = YES_AGGRESSIVE;
				GCC_WARN_UNUSED_FUNCTION = YES;
				GCC_WARN_UNUSED_VARIABLE = YES;
				IPHONEOS_DEPLOYMENT_TARGET = 13.5;
				MTL_ENABLE_DEBUG_INFO = INCLUDE_SOURCE;
				MTL_FAST_MATH = YES;
				ONLY_ACTIVE_ARCH = YES;
				SDKROOT = iphoneos;
			};
			name = Debug;
		};
		3A13C50324B3874E00B04865 /* Release */ = {
			isa = XCBuildConfiguration;
			buildSettings = {
				ALWAYS_SEARCH_USER_PATHS = NO;
				CLANG_ANALYZER_NONNULL = YES;
				CLANG_ANALYZER_NUMBER_OBJECT_CONVERSION = YES_AGGRESSIVE;
				CLANG_CXX_LANGUAGE_STANDARD = "gnu++14";
				CLANG_CXX_LIBRARY = "libc++";
				CLANG_ENABLE_MODULES = YES;
				CLANG_ENABLE_OBJC_ARC = YES;
				CLANG_ENABLE_OBJC_WEAK = YES;
				CLANG_WARN_BLOCK_CAPTURE_AUTORELEASING = YES;
				CLANG_WARN_BOOL_CONVERSION = YES;
				CLANG_WARN_COMMA = YES;
				CLANG_WARN_CONSTANT_CONVERSION = YES;
				CLANG_WARN_DEPRECATED_OBJC_IMPLEMENTATIONS = YES;
				CLANG_WARN_DIRECT_OBJC_ISA_USAGE = YES_ERROR;
				CLANG_WARN_DOCUMENTATION_COMMENTS = YES;
				CLANG_WARN_EMPTY_BODY = YES;
				CLANG_WARN_ENUM_CONVERSION = YES;
				CLANG_WARN_INFINITE_RECURSION = YES;
				CLANG_WARN_INT_CONVERSION = YES;
				CLANG_WARN_NON_LITERAL_NULL_CONVERSION = YES;
				CLANG_WARN_OBJC_IMPLICIT_RETAIN_SELF = YES;
				CLANG_WARN_OBJC_LITERAL_CONVERSION = YES;
				CLANG_WARN_OBJC_ROOT_CLASS = YES_ERROR;
				CLANG_WARN_RANGE_LOOP_ANALYSIS = YES;
				CLANG_WARN_STRICT_PROTOTYPES = YES;
				CLANG_WARN_SUSPICIOUS_MOVE = YES;
				CLANG_WARN_UNGUARDED_AVAILABILITY = YES_AGGRESSIVE;
				CLANG_WARN_UNREACHABLE_CODE = YES;
				CLANG_WARN__DUPLICATE_METHOD_MATCH = YES;
				COPY_PHASE_STRIP = NO;
				DEBUG_INFORMATION_FORMAT = "dwarf-with-dsym";
				ENABLE_NS_ASSERTIONS = NO;
				ENABLE_STRICT_OBJC_MSGSEND = YES;
				GCC_C_LANGUAGE_STANDARD = gnu11;
				GCC_NO_COMMON_BLOCKS = YES;
				GCC_WARN_64_TO_32_BIT_CONVERSION = YES;
				GCC_WARN_ABOUT_RETURN_TYPE = YES_ERROR;
				GCC_WARN_UNDECLARED_SELECTOR = YES;
				GCC_WARN_UNINITIALIZED_AUTOS = YES_AGGRESSIVE;
				GCC_WARN_UNUSED_FUNCTION = YES;
				GCC_WARN_UNUSED_VARIABLE = YES;
				IPHONEOS_DEPLOYMENT_TARGET = 13.5;
				MTL_ENABLE_DEBUG_INFO = NO;
				MTL_FAST_MATH = YES;
				SDKROOT = iphoneos;
				VALIDATE_PRODUCT = YES;
			};
			name = Release;
		};
		3A13C50524B3874E00B04865 /* Debug */ = {
			isa = XCBuildConfiguration;
			baseConfigurationReference = EE2EE5B0324BB329DEA12ED5 /* Pods-Parse-Chat.debug.xcconfig */;
			buildSettings = {
				ASSETCATALOG_COMPILER_APPICON_NAME = AppIcon;
				CODE_SIGN_STYLE = Automatic;
				DEVELOPMENT_TEAM = 45VCQ885ZT;
				INFOPLIST_FILE = "Parse-Chat/Info.plist";
				LD_RUNPATH_SEARCH_PATHS = (
					"$(inherited)",
					"@executable_path/Frameworks",
				);
				PRODUCT_BUNDLE_IDENTIFIER = "com.kristiehuang.Parse-Chat";
				PRODUCT_NAME = "$(TARGET_NAME)";
				TARGETED_DEVICE_FAMILY = "1,2";
			};
			name = Debug;
		};
		3A13C50624B3874E00B04865 /* Release */ = {
			isa = XCBuildConfiguration;
			baseConfigurationReference = AC01F315182C802FCFA8F849 /* Pods-Parse-Chat.release.xcconfig */;
			buildSettings = {
				ASSETCATALOG_COMPILER_APPICON_NAME = AppIcon;
				CODE_SIGN_STYLE = Automatic;
				DEVELOPMENT_TEAM = 45VCQ885ZT;
				INFOPLIST_FILE = "Parse-Chat/Info.plist";
				LD_RUNPATH_SEARCH_PATHS = (
					"$(inherited)",
					"@executable_path/Frameworks",
				);
				PRODUCT_BUNDLE_IDENTIFIER = "com.kristiehuang.Parse-Chat";
				PRODUCT_NAME = "$(TARGET_NAME)";
				TARGETED_DEVICE_FAMILY = "1,2";
			};
			name = Release;
		};
		3A13C50824B3874E00B04865 /* Debug */ = {
			isa = XCBuildConfiguration;
			baseConfigurationReference = 6CB830E01521E965A9485172 /* Pods-Parse-ChatTests.debug.xcconfig */;
			buildSettings = {
				BUNDLE_LOADER = "$(TEST_HOST)";
				CODE_SIGN_STYLE = Automatic;
				DEVELOPMENT_TEAM = 45VCQ885ZT;
				INFOPLIST_FILE = "Parse-ChatTests/Info.plist";
				IPHONEOS_DEPLOYMENT_TARGET = 13.5;
				LD_RUNPATH_SEARCH_PATHS = (
					"$(inherited)",
					"@executable_path/Frameworks",
					"@loader_path/Frameworks",
				);
				PRODUCT_BUNDLE_IDENTIFIER = "com.kristiehuang.Parse-ChatTests";
				PRODUCT_NAME = "$(TARGET_NAME)";
				TARGETED_DEVICE_FAMILY = "1,2";
				TEST_HOST = "$(BUILT_PRODUCTS_DIR)/Parse-Chat.app/Parse-Chat";
			};
			name = Debug;
		};
		3A13C50924B3874E00B04865 /* Release */ = {
			isa = XCBuildConfiguration;
			baseConfigurationReference = 0ED4D9F4AAA139EB48549B09 /* Pods-Parse-ChatTests.release.xcconfig */;
			buildSettings = {
				BUNDLE_LOADER = "$(TEST_HOST)";
				CODE_SIGN_STYLE = Automatic;
				DEVELOPMENT_TEAM = 45VCQ885ZT;
				INFOPLIST_FILE = "Parse-ChatTests/Info.plist";
				IPHONEOS_DEPLOYMENT_TARGET = 13.5;
				LD_RUNPATH_SEARCH_PATHS = (
					"$(inherited)",
					"@executable_path/Frameworks",
					"@loader_path/Frameworks",
				);
				PRODUCT_BUNDLE_IDENTIFIER = "com.kristiehuang.Parse-ChatTests";
				PRODUCT_NAME = "$(TARGET_NAME)";
				TARGETED_DEVICE_FAMILY = "1,2";
				TEST_HOST = "$(BUILT_PRODUCTS_DIR)/Parse-Chat.app/Parse-Chat";
			};
			name = Release;
		};
		3A13C50B24B3874E00B04865 /* Debug */ = {
			isa = XCBuildConfiguration;
			baseConfigurationReference = 7092E85AC82F033ACE54A691 /* Pods-Parse-Chat-Parse-ChatUITests.debug.xcconfig */;
			buildSettings = {
				CODE_SIGN_STYLE = Automatic;
				DEVELOPMENT_TEAM = 45VCQ885ZT;
				INFOPLIST_FILE = "Parse-ChatUITests/Info.plist";
				LD_RUNPATH_SEARCH_PATHS = (
					"$(inherited)",
					"@executable_path/Frameworks",
					"@loader_path/Frameworks",
				);
				PRODUCT_BUNDLE_IDENTIFIER = "com.kristiehuang.Parse-ChatUITests";
				PRODUCT_NAME = "$(TARGET_NAME)";
				TARGETED_DEVICE_FAMILY = "1,2";
				TEST_TARGET_NAME = "Parse-Chat";
			};
			name = Debug;
		};
		3A13C50C24B3874E00B04865 /* Release */ = {
			isa = XCBuildConfiguration;
			baseConfigurationReference = 8D7FCE041EC927638D7803C5 /* Pods-Parse-Chat-Parse-ChatUITests.release.xcconfig */;
			buildSettings = {
				CODE_SIGN_STYLE = Automatic;
				DEVELOPMENT_TEAM = 45VCQ885ZT;
				INFOPLIST_FILE = "Parse-ChatUITests/Info.plist";
				LD_RUNPATH_SEARCH_PATHS = (
					"$(inherited)",
					"@executable_path/Frameworks",
					"@loader_path/Frameworks",
				);
				PRODUCT_BUNDLE_IDENTIFIER = "com.kristiehuang.Parse-ChatUITests";
				PRODUCT_NAME = "$(TARGET_NAME)";
				TARGETED_DEVICE_FAMILY = "1,2";
				TEST_TARGET_NAME = "Parse-Chat";
			};
			name = Release;
		};
/* End XCBuildConfiguration section */

/* Begin XCConfigurationList section */
		3A13C4D024B3874E00B04865 /* Build configuration list for PBXProject "Parse-Chat" */ = {
			isa = XCConfigurationList;
			buildConfigurations = (
				3A13C50224B3874E00B04865 /* Debug */,
				3A13C50324B3874E00B04865 /* Release */,
			);
			defaultConfigurationIsVisible = 0;
			defaultConfigurationName = Release;
		};
		3A13C50424B3874E00B04865 /* Build configuration list for PBXNativeTarget "Parse-Chat" */ = {
			isa = XCConfigurationList;
			buildConfigurations = (
				3A13C50524B3874E00B04865 /* Debug */,
				3A13C50624B3874E00B04865 /* Release */,
			);
			defaultConfigurationIsVisible = 0;
			defaultConfigurationName = Release;
		};
		3A13C50724B3874E00B04865 /* Build configuration list for PBXNativeTarget "Parse-ChatTests" */ = {
			isa = XCConfigurationList;
			buildConfigurations = (
				3A13C50824B3874E00B04865 /* Debug */,
				3A13C50924B3874E00B04865 /* Release */,
			);
			defaultConfigurationIsVisible = 0;
			defaultConfigurationName = Release;
		};
		3A13C50A24B3874E00B04865 /* Build configuration list for PBXNativeTarget "Parse-ChatUITests" */ = {
			isa = XCConfigurationList;
			buildConfigurations = (
				3A13C50B24B3874E00B04865 /* Debug */,
				3A13C50C24B3874E00B04865 /* Release */,
			);
			defaultConfigurationIsVisible = 0;
			defaultConfigurationName = Release;
		};
/* End XCConfigurationList section */
	};
	rootObject = 3A13C4CD24B3874E00B04865 /* Project object */;
}
